// !$*UTF8*$!
{
	archiveVersion = 1;
	classes = {
	};
	objectVersion = 77;
	objects = {

/* Begin PBXBuildFile section */
		0181E4496368AC026ED04F50 /* LocationDomain.swift in Sources */ = {isa = PBXBuildFile; fileRef = 95CD0A0C359DAC0C72552BCF /* LocationDomain.swift */; };
		01FF4B2E96C68800373C9922 /* Localizable.strings in Resources */ = {isa = PBXBuildFile; fileRef = 8B7FDC8186DDB1CE4AD254C3 /* Localizable.strings */; };
		1946CC56BDCA1F54EC683749 /* PinshiftDesignSystem.swift in Sources */ = {isa = PBXBuildFile; fileRef = C8AE6FBA81F407191C50F27C /* PinshiftDesignSystem.swift */; };
		1F3E8B8ABE484A3CC9FB4CC9 /* PinshiftControllerLinkUITests.swift in Sources */ = {isa = PBXBuildFile; fileRef = F1558AFDC7504C2A6214FA74 /* PinshiftControllerLinkUITests.swift */; };
		25C640C50A389970BEDB9DEB /* Pairing.swift in Sources */ = {isa = PBXBuildFile; fileRef = 85E9B5F7C500D71F989B5E56 /* Pairing.swift */; };
		282844D692846F68C7F783DA /* TLSControllerServer.swift in Sources */ = {isa = PBXBuildFile; fileRef = FF94DD13B7AE6AC2A17959A0 /* TLSControllerServer.swift */; };
		40A2895763F0714B5122F4E0 /* ManualSimulationSession.swift in Sources */ = {isa = PBXBuildFile; fileRef = 57D51375A3CB3DE18FF8E61C /* ManualSimulationSession.swift */; };
		40D5C447F105453FE0461F2C /* SimulationDiagnostics.swift in Sources */ = {isa = PBXBuildFile; fileRef = B58E3D125202907D83021C13 /* SimulationDiagnostics.swift */; };
		426A646BFAFDDC5E6E1F2D9B /* PinshiftUITests.swift in Sources */ = {isa = PBXBuildFile; fileRef = 48F44E61639E318EBB8D59F7 /* PinshiftUITests.swift */; };
		47C823039D50C28B812A1392 /* LocationSelectionState.swift in Sources */ = {isa = PBXBuildFile; fileRef = C70085091723FA515C299CE6 /* LocationSelectionState.swift */; };
		52D77EDDFE862167FAF1923C /* SimulationDiagnosticsViewModel.swift in Sources */ = {isa = PBXBuildFile; fileRef = 2B5953299B034AD5EF3F392B /* SimulationDiagnosticsViewModel.swift */; };
		5517DABA6A87CDB514AC7DA2 /* BonjourControllerDiscovery.swift in Sources */ = {isa = PBXBuildFile; fileRef = 5D01ADB65B3135833CB6B1EC /* BonjourControllerDiscovery.swift */; };
		57F431331A4598FA49D9380E /* InfoPlist.strings in Resources */ = {isa = PBXBuildFile; fileRef = 8BD8BE733CD1A04C9F08C354 /* InfoPlist.strings */; };
		5D64F0978AA66AEE239D5B79 /* LocationPickerViewModel.swift in Sources */ = {isa = PBXBuildFile; fileRef = 9BC397A60889A8628C817645 /* LocationPickerViewModel.swift */; };
		646C8018D0E7D92C5EC3FE86 /* LocationObserver.swift in Sources */ = {isa = PBXBuildFile; fileRef = 81A563353D69C294888044F5 /* LocationObserver.swift */; };
		7354845BD6CE42E33BC85AAC /* ActionButtonLabel.swift in Sources */ = {isa = PBXBuildFile; fileRef = BF1040220CDFCF2BF2D63AE7 /* ActionButtonLabel.swift */; };
		8CA46471441710679B28B145 /* ContentView.swift in Sources */ = {isa = PBXBuildFile; fileRef = CA4971E6986AC5E4D1A1C9F8 /* ContentView.swift */; };
		8D8F9EAEB746880711D79499 /* SimulationDiagnosticPipeline.swift in Sources */ = {isa = PBXBuildFile; fileRef = 9FB68D3C145392450ACCDC35 /* SimulationDiagnosticPipeline.swift */; };
		949FE3B5B57A48AAE9D5F3BB /* ControllerLinkState.swift in Sources */ = {isa = PBXBuildFile; fileRef = 2FBC4365BC86EB9D3D4AB863 /* ControllerLinkState.swift */; };
		A22835DAEA5C86A65DEEB65E /* NetworkControllerLinkTransport.swift in Sources */ = {isa = PBXBuildFile; fileRef = 243B501AE445B272F30524A7 /* NetworkControllerLinkTransport.swift */; };
		A4512847991B108F60767123 /* TrustedControllerLink.swift in Sources */ = {isa = PBXBuildFile; fileRef = C1A510E5270754E988E724FF /* TrustedControllerLink.swift */; };
		A879B9A46F0312B8E0B34EA7 /* SavedLocationStore.swift in Sources */ = {isa = PBXBuildFile; fileRef = AD15D03E1892DCB2665B33D6 /* SavedLocationStore.swift */; };
		AC24F47B434A3CBB1A2B3403 /* ControllerIdentitySecurity.swift in Sources */ = {isa = PBXBuildFile; fileRef = 43265D14CD58BCCB317F4B97 /* ControllerIdentitySecurity.swift */; };
		B7FF14B011706AE6DA0B8BA3 /* ControllerLinkViewModel.swift in Sources */ = {isa = PBXBuildFile; fileRef = DA8739B4A2BD9144A4754C4C /* ControllerLinkViewModel.swift */; };
		BCFEE3E93B742CB32BDC6809 /* Assets.xcassets in Resources */ = {isa = PBXBuildFile; fileRef = 4E852213CC84B0F2669B6561 /* Assets.xcassets */; };
		BD7E7F63116B4FE1B4709212 /* BaselineViewModel.swift in Sources */ = {isa = PBXBuildFile; fileRef = 2946B4BB60FF2EB9EE86F9C0 /* BaselineViewModel.swift */; };
		C30588071B0D4659385BC4E3 /* SavedLocation.swift in Sources */ = {isa = PBXBuildFile; fileRef = 4287C51343D226422AF32C69 /* SavedLocation.swift */; };
		CB02467A64E838BAF5C321FE /* PinshiftApp.swift in Sources */ = {isa = PBXBuildFile; fileRef = 52A2509E0668D96B963150FB /* PinshiftApp.swift */; };
		DA63D044379E28D90A892607 /* LocationPickerView.swift in Sources */ = {isa = PBXBuildFile; fileRef = 684624D5D39DBB2BF5B5241C /* LocationPickerView.swift */; };
		DC2AF064E89CCDE9DF6754C2 /* ControllerAuthorization.swift in Sources */ = {isa = PBXBuildFile; fileRef = 0E5C50FBB1259E83FEE3E985 /* ControllerAuthorization.swift */; };
		EC45C855A79823A9D4143485 /* ControllerServerSession.swift in Sources */ = {isa = PBXBuildFile; fileRef = 4A85DD686C84AD18BD24E5A3 /* ControllerServerSession.swift */; };
		F37F4F44DA24907605877EC9 /* ControllerCommand.swift in Sources */ = {isa = PBXBuildFile; fileRef = EFACA599FE341A79901ABFD2 /* ControllerCommand.swift */; };
		FDC554DC226B179C52D54146 /* ControllerTrust.swift in Sources */ = {isa = PBXBuildFile; fileRef = 6FD5DF52927D1D5FE89694F1 /* ControllerTrust.swift */; };
/* End PBXBuildFile section */

/* Begin PBXContainerItemProxy section */
		0B0CF7C2D518289E92A06AEA /* PBXContainerItemProxy */ = {
			isa = PBXContainerItemProxy;
			containerPortal = 7C484CABA92041C9C4428A43 /* Project object */;
			proxyType = 1;
			remoteGlobalIDString = 95CBA304701F4478C159A087;
			remoteInfo = Pinshift;
		};
/* End PBXContainerItemProxy section */

/* Begin PBXFileReference section */
		0E5C50FBB1259E83FEE3E985 /* ControllerAuthorization.swift */ = {isa = PBXFileReference; lastKnownFileType = sourcecode.swift; path = ControllerAuthorization.swift; sourceTree = "<group>"; };
		243B501AE445B272F30524A7 /* NetworkControllerLinkTransport.swift */ = {isa = PBXFileReference; lastKnownFileType = sourcecode.swift; path = NetworkControllerLinkTransport.swift; sourceTree = "<group>"; };
		2946B4BB60FF2EB9EE86F9C0 /* BaselineViewModel.swift */ = {isa = PBXFileReference; lastKnownFileType = sourcecode.swift; path = BaselineViewModel.swift; sourceTree = "<group>"; };
		2B5953299B034AD5EF3F392B /* SimulationDiagnosticsViewModel.swift */ = {isa = PBXFileReference; lastKnownFileType = sourcecode.swift; path = SimulationDiagnosticsViewModel.swift; sourceTree = "<group>"; };
		2FBC4365BC86EB9D3D4AB863 /* ControllerLinkState.swift */ = {isa = PBXFileReference; lastKnownFileType = sourcecode.swift; path = ControllerLinkState.swift; sourceTree = "<group>"; };
		3BE1FD9DE4A63D8866A2301B /* PinshiftUITests.xctest */ = {isa = PBXFileReference; includeInIndex = 0; lastKnownFileType = wrapper.cfbundle; path = PinshiftUITests.xctest; sourceTree = BUILT_PRODUCTS_DIR; };
		3F8D44EB528DB6F25B107FF7 /* ShanghaiBaseline.gpx */ = {isa = PBXFileReference; lastKnownFileType = text.xml; path = ShanghaiBaseline.gpx; sourceTree = "<group>"; };
		4287C51343D226422AF32C69 /* SavedLocation.swift */ = {isa = PBXFileReference; lastKnownFileType = sourcecode.swift; path = SavedLocation.swift; sourceTree = "<group>"; };
		43265D14CD58BCCB317F4B97 /* ControllerIdentitySecurity.swift */ = {isa = PBXFileReference; lastKnownFileType = sourcecode.swift; path = ControllerIdentitySecurity.swift; sourceTree = "<group>"; };
		48F44E61639E318EBB8D59F7 /* PinshiftUITests.swift */ = {isa = PBXFileReference; lastKnownFileType = sourcecode.swift; path = PinshiftUITests.swift; sourceTree = "<group>"; };
		492552E0E66D6D7BD046B2EF /* Signing.xcconfig */ = {isa = PBXFileReference; lastKnownFileType = text.xcconfig; path = Signing.xcconfig; sourceTree = "<group>"; };
		4A85DD686C84AD18BD24E5A3 /* ControllerServerSession.swift */ = {isa = PBXFileReference; lastKnownFileType = sourcecode.swift; path = ControllerServerSession.swift; sourceTree = "<group>"; };
		4E852213CC84B0F2669B6561 /* Assets.xcassets */ = {isa = PBXFileReference; lastKnownFileType = folder.assetcatalog; path = Assets.xcassets; sourceTree = "<group>"; };
		52A2509E0668D96B963150FB /* PinshiftApp.swift */ = {isa = PBXFileReference; lastKnownFileType = sourcecode.swift; path = PinshiftApp.swift; sourceTree = "<group>"; };
		57D51375A3CB3DE18FF8E61C /* ManualSimulationSession.swift */ = {isa = PBXFileReference; lastKnownFileType = sourcecode.swift; path = ManualSimulationSession.swift; sourceTree = "<group>"; };
		5D01ADB65B3135833CB6B1EC /* BonjourControllerDiscovery.swift */ = {isa = PBXFileReference; lastKnownFileType = sourcecode.swift; path = BonjourControllerDiscovery.swift; sourceTree = "<group>"; };
		684624D5D39DBB2BF5B5241C /* LocationPickerView.swift */ = {isa = PBXFileReference; lastKnownFileType = sourcecode.swift; path = LocationPickerView.swift; sourceTree = "<group>"; };
		6FD5DF52927D1D5FE89694F1 /* ControllerTrust.swift */ = {isa = PBXFileReference; lastKnownFileType = sourcecode.swift; path = ControllerTrust.swift; sourceTree = "<group>"; };
		81A563353D69C294888044F5 /* LocationObserver.swift */ = {isa = PBXFileReference; lastKnownFileType = sourcecode.swift; path = LocationObserver.swift; sourceTree = "<group>"; };
		85E9B5F7C500D71F989B5E56 /* Pairing.swift */ = {isa = PBXFileReference; lastKnownFileType = sourcecode.swift; path = Pairing.swift; sourceTree = "<group>"; };
		8BD8BE733CD1A04C9F08C354 /* InfoPlist.strings */ = {isa = PBXFileReference; lastKnownFileType = text.plist.strings; name = InfoPlist.strings; path = "zh-Hans.lproj/InfoPlist.strings"; sourceTree = "<group>"; };
		95CD0A0C359DAC0C72552BCF /* LocationDomain.swift */ = {isa = PBXFileReference; lastKnownFileType = sourcecode.swift; path = LocationDomain.swift; sourceTree = "<group>"; };
		97E1639C289985F459B054A4 /* zh-Hans */ = {isa = PBXFileReference; lastKnownFileType = text.plist.strings; name = "zh-Hans"; path = "zh-Hans.lproj/Localizable.strings"; sourceTree = "<group>"; };
		9BC397A60889A8628C817645 /* LocationPickerViewModel.swift */ = {isa = PBXFileReference; lastKnownFileType = sourcecode.swift; path = LocationPickerViewModel.swift; sourceTree = "<group>"; };
		9FB68D3C145392450ACCDC35 /* SimulationDiagnosticPipeline.swift */ = {isa = PBXFileReference; lastKnownFileType = sourcecode.swift; path = SimulationDiagnosticPipeline.swift; sourceTree = "<group>"; };
		AD15D03E1892DCB2665B33D6 /* SavedLocationStore.swift */ = {isa = PBXFileReference; lastKnownFileType = sourcecode.swift; path = SavedLocationStore.swift; sourceTree = "<group>"; };
		B58E3D125202907D83021C13 /* SimulationDiagnostics.swift */ = {isa = PBXFileReference; lastKnownFileType = sourcecode.swift; path = SimulationDiagnostics.swift; sourceTree = "<group>"; };
		BF1040220CDFCF2BF2D63AE7 /* ActionButtonLabel.swift */ = {isa = PBXFileReference; lastKnownFileType = sourcecode.swift; path = ActionButtonLabel.swift; sourceTree = "<group>"; };
		C1A510E5270754E988E724FF /* TrustedControllerLink.swift */ = {isa = PBXFileReference; lastKnownFileType = sourcecode.swift; path = TrustedControllerLink.swift; sourceTree = "<group>"; };
		C70085091723FA515C299CE6 /* LocationSelectionState.swift */ = {isa = PBXFileReference; lastKnownFileType = sourcecode.swift; path = LocationSelectionState.swift; sourceTree = "<group>"; };
		C8AE6FBA81F407191C50F27C /* PinshiftDesignSystem.swift */ = {isa = PBXFileReference; lastKnownFileType = sourcecode.swift; path = PinshiftDesignSystem.swift; sourceTree = "<group>"; };
		CA4971E6986AC5E4D1A1C9F8 /* ContentView.swift */ = {isa = PBXFileReference; lastKnownFileType = sourcecode.swift; path = ContentView.swift; sourceTree = "<group>"; };
		DA8739B4A2BD9144A4754C4C /* ControllerLinkViewModel.swift */ = {isa = PBXFileReference; lastKnownFileType = sourcecode.swift; path = ControllerLinkViewModel.swift; sourceTree = "<group>"; };
		ECC21F0D2D4600F40A328F3E /* en */ = {isa = PBXFileReference; lastKnownFileType = text.plist.strings; name = en; path = en.lproj/Localizable.strings; sourceTree = "<group>"; };
		EFACA599FE341A79901ABFD2 /* ControllerCommand.swift */ = {isa = PBXFileReference; lastKnownFileType = sourcecode.swift; path = ControllerCommand.swift; sourceTree = "<group>"; };
		F1558AFDC7504C2A6214FA74 /* PinshiftControllerLinkUITests.swift */ = {isa = PBXFileReference; lastKnownFileType = sourcecode.swift; path = PinshiftControllerLinkUITests.swift; sourceTree = "<group>"; };
		F655259DBD776A6E5BA30469 /* Pinshift.app */ = {isa = PBXFileReference; includeInIndex = 0; lastKnownFileType = wrapper.application; path = Pinshift.app; sourceTree = BUILT_PRODUCTS_DIR; };
		FF94DD13B7AE6AC2A17959A0 /* TLSControllerServer.swift */ = {isa = PBXFileReference; lastKnownFileType = sourcecode.swift; path = TLSControllerServer.swift; sourceTree = "<group>"; };
/* End PBXFileReference section */

/* Begin PBXGroup section */
		2053433383E3F2F46A18A872 /* ControllerLink */ = {
			isa = PBXGroup;
			children = (
				5D01ADB65B3135833CB6B1EC /* BonjourControllerDiscovery.swift */,
				0E5C50FBB1259E83FEE3E985 /* ControllerAuthorization.swift */,
				EFACA599FE341A79901ABFD2 /* ControllerCommand.swift */,
				43265D14CD58BCCB317F4B97 /* ControllerIdentitySecurity.swift */,
				2FBC4365BC86EB9D3D4AB863 /* ControllerLinkState.swift */,
				4A85DD686C84AD18BD24E5A3 /* ControllerServerSession.swift */,
				6FD5DF52927D1D5FE89694F1 /* ControllerTrust.swift */,
				243B501AE445B272F30524A7 /* NetworkControllerLinkTransport.swift */,
				85E9B5F7C500D71F989B5E56 /* Pairing.swift */,
				FF94DD13B7AE6AC2A17959A0 /* TLSControllerServer.swift */,
				C1A510E5270754E988E724FF /* TrustedControllerLink.swift */,
			);
			path = ControllerLink;
			sourceTree = "<group>";
		};
		41968E59741F8CB5429FF99E /* SimulationDiagnostics */ = {
			isa = PBXGroup;
			children = (
				B58E3D125202907D83021C13 /* SimulationDiagnostics.swift */,
			);
			path = SimulationDiagnostics;
			sourceTree = "<group>";
		};
		4B65FBB2418DBA93C962C185 /* Sources */ = {
			isa = PBXGroup;
			children = (
				2053433383E3F2F46A18A872 /* ControllerLink */,
				C7978236EBDC6073EA77FD0A /* LocationDomain */,
				41968E59741F8CB5429FF99E /* SimulationDiagnostics */,
			);
			path = Sources;
			sourceTree = "<group>";
		};
		51576263AF36F7191FA90789 /* Config */ = {
			isa = PBXGroup;
			children = (
				492552E0E66D6D7BD046B2EF /* Signing.xcconfig */,
			);
			path = Config;
			sourceTree = "<group>";
		};
		75C327FA39CCC6925691B959 /* Fixtures */ = {
			isa = PBXGroup;
			children = (
				3F8D44EB528DB6F25B107FF7 /* ShanghaiBaseline.gpx */,
			);
			path = Fixtures;
			sourceTree = "<group>";
		};
		8AD324DCCC3B11349898A06D /* App */ = {
			isa = PBXGroup;
			children = (
				BF1040220CDFCF2BF2D63AE7 /* ActionButtonLabel.swift */,
				4E852213CC84B0F2669B6561 /* Assets.xcassets */,
				2946B4BB60FF2EB9EE86F9C0 /* BaselineViewModel.swift */,
				CA4971E6986AC5E4D1A1C9F8 /* ContentView.swift */,
				DA8739B4A2BD9144A4754C4C /* ControllerLinkViewModel.swift */,
				8BD8BE733CD1A04C9F08C354 /* InfoPlist.strings */,
				8B7FDC8186DDB1CE4AD254C3 /* Localizable.strings */,
				81A563353D69C294888044F5 /* LocationObserver.swift */,
				684624D5D39DBB2BF5B5241C /* LocationPickerView.swift */,
				9BC397A60889A8628C817645 /* LocationPickerViewModel.swift */,
				52A2509E0668D96B963150FB /* PinshiftApp.swift */,
				C8AE6FBA81F407191C50F27C /* PinshiftDesignSystem.swift */,
				AD15D03E1892DCB2665B33D6 /* SavedLocationStore.swift */,
				9FB68D3C145392450ACCDC35 /* SimulationDiagnosticPipeline.swift */,
				2B5953299B034AD5EF3F392B /* SimulationDiagnosticsViewModel.swift */,
			);
			path = App;
			sourceTree = "<group>";
		};
		98D95B3927AACCB0A8ED869A /* PinshiftUITests */ = {
			isa = PBXGroup;
			children = (
				F1558AFDC7504C2A6214FA74 /* PinshiftControllerLinkUITests.swift */,
				48F44E61639E318EBB8D59F7 /* PinshiftUITests.swift */,
			);
			path = PinshiftUITests;
			sourceTree = "<group>";
		};
		9D36A6F8EC402D09BFC0EC84 /* Tests */ = {
			isa = PBXGroup;
			children = (
				98D95B3927AACCB0A8ED869A /* PinshiftUITests */,
			);
			path = Tests;
			sourceTree = "<group>";
		};
		AB0D9B068CA8919C7795A0E8 = {
			isa = PBXGroup;
			children = (
				8AD324DCCC3B11349898A06D /* App */,
				51576263AF36F7191FA90789 /* Config */,
				75C327FA39CCC6925691B959 /* Fixtures */,
				4B65FBB2418DBA93C962C185 /* Sources */,
				9D36A6F8EC402D09BFC0EC84 /* Tests */,
				C93EE8C4A52554FF74F12E1E /* Products */,
			);
			sourceTree = "<group>";
		};
		C7978236EBDC6073EA77FD0A /* LocationDomain */ = {
			isa = PBXGroup;
			children = (
				95CD0A0C359DAC0C72552BCF /* LocationDomain.swift */,
				C70085091723FA515C299CE6 /* LocationSelectionState.swift */,
				57D51375A3CB3DE18FF8E61C /* ManualSimulationSession.swift */,
				4287C51343D226422AF32C69 /* SavedLocation.swift */,
			);
			path = LocationDomain;
			sourceTree = "<group>";
		};
		C93EE8C4A52554FF74F12E1E /* Products */ = {
			isa = PBXGroup;
			children = (
				F655259DBD776A6E5BA30469 /* Pinshift.app */,
				3BE1FD9DE4A63D8866A2301B /* PinshiftUITests.xctest */,
			);
			name = Products;
			sourceTree = "<group>";
		};
/* End PBXGroup section */

/* Begin PBXNativeTarget section */
		682B4497AAB05CDE2C6A5723 /* PinshiftUITests */ = {
			isa = PBXNativeTarget;
			buildConfigurationList = F4CAAF8E9FB872D5F0BD4B18 /* Build configuration list for PBXNativeTarget "PinshiftUITests" */;
			buildPhases = (
				DFD9CB8A1BA328CED570AA08 /* Sources */,
			);
			buildRules = (
			);
			dependencies = (
				D56270EE942C96140A5B8E3D /* PBXTargetDependency */,
			);
			name = PinshiftUITests;
			packageProductDependencies = (
			);
			productName = PinshiftUITests;
			productReference = 3BE1FD9DE4A63D8866A2301B /* PinshiftUITests.xctest */;
			productType = "com.apple.product-type.bundle.ui-testing";
		};
		95CBA304701F4478C159A087 /* Pinshift */ = {
			isa = PBXNativeTarget;
			buildConfigurationList = CBDA77AF740DD8E1576CA9EE /* Build configuration list for PBXNativeTarget "Pinshift" */;
			buildPhases = (
				B8F3D580B340DBD33B1D50FB /* Sources */,
				09A8CE3CF76637DCAB56F7FA /* Resources */,
			);
			buildRules = (
			);
			dependencies = (
			);
			name = Pinshift;
			packageProductDependencies = (
			);
			productName = Pinshift;
			productReference = F655259DBD776A6E5BA30469 /* Pinshift.app */;
			productType = "com.apple.product-type.application";
		};
/* End PBXNativeTarget section */

/* Begin PBXProject section */
		7C484CABA92041C9C4428A43 /* Project object */ = {
			isa = PBXProject;
			attributes = {
				BuildIndependentTargetsInParallel = YES;
				LastUpgradeCheck = 2700;
				TargetAttributes = {
					682B4497AAB05CDE2C6A5723 = {
						ProvisioningStyle = Automatic;
						TestTargetID = 95CBA304701F4478C159A087;
					};
					95CBA304701F4478C159A087 = {
						ProvisioningStyle = Automatic;
					};
				};
			};
			buildConfigurationList = 2F427840287D89CA6A269C41 /* Build configuration list for PBXProject "RemoteLocation" */;
			compatibilityVersion = "Xcode 14.0";
			developmentRegion = en;
			hasScannedForEncodings = 0;
			knownRegions = (
				Base,
				en,
				"zh-Hans",
			);
			mainGroup = AB0D9B068CA8919C7795A0E8;
			minimizedProjectReferenceProxies = 1;
			preferredProjectObjectVersion = 77;
			projectDirPath = "";
			projectRoot = "";
			targets = (
				95CBA304701F4478C159A087 /* Pinshift */,
				682B4497AAB05CDE2C6A5723 /* PinshiftUITests */,
			);
		};
/* End PBXProject section */

/* Begin PBXResourcesBuildPhase section */
		09A8CE3CF76637DCAB56F7FA /* Resources */ = {
			isa = PBXResourcesBuildPhase;
			buildActionMask = 2147483647;
			files = (
				BCFEE3E93B742CB32BDC6809 /* Assets.xcassets in Resources */,
				57F431331A4598FA49D9380E /* InfoPlist.strings in Resources */,
				01FF4B2E96C68800373C9922 /* Localizable.strings in Resources */,
			);
			runOnlyForDeploymentPostprocessing = 0;
		};
/* End PBXResourcesBuildPhase section */

/* Begin PBXSourcesBuildPhase section */
		B8F3D580B340DBD33B1D50FB /* Sources */ = {
			isa = PBXSourcesBuildPhase;
			buildActionMask = 2147483647;
			files = (
				7354845BD6CE42E33BC85AAC /* ActionButtonLabel.swift in Sources */,
				BD7E7F63116B4FE1B4709212 /* BaselineViewModel.swift in Sources */,
				5517DABA6A87CDB514AC7DA2 /* BonjourControllerDiscovery.swift in Sources */,
				8CA46471441710679B28B145 /* ContentView.swift in Sources */,
				DC2AF064E89CCDE9DF6754C2 /* ControllerAuthorization.swift in Sources */,
				F37F4F44DA24907605877EC9 /* ControllerCommand.swift in Sources */,
				AC24F47B434A3CBB1A2B3403 /* ControllerIdentitySecurity.swift in Sources */,
				949FE3B5B57A48AAE9D5F3BB /* ControllerLinkState.swift in Sources */,
				B7FF14B011706AE6DA0B8BA3 /* ControllerLinkViewModel.swift in Sources */,
				EC45C855A79823A9D4143485 /* ControllerServerSession.swift in Sources */,
				FDC554DC226B179C52D54146 /* ControllerTrust.swift in Sources */,
				0181E4496368AC026ED04F50 /* LocationDomain.swift in Sources */,
				646C8018D0E7D92C5EC3FE86 /* LocationObserver.swift in Sources */,
				DA63D044379E28D90A892607 /* LocationPickerView.swift in Sources */,
				5D64F0978AA66AEE239D5B79 /* LocationPickerViewModel.swift in Sources */,
				47C823039D50C28B812A1392 /* LocationSelectionState.swift in Sources */,
				40A2895763F0714B5122F4E0 /* ManualSimulationSession.swift in Sources */,
				A22835DAEA5C86A65DEEB65E /* NetworkControllerLinkTransport.swift in Sources */,
				25C640C50A389970BEDB9DEB /* Pairing.swift in Sources */,
				CB02467A64E838BAF5C321FE /* PinshiftApp.swift in Sources */,
				1946CC56BDCA1F54EC683749 /* PinshiftDesignSystem.swift in Sources */,
				C30588071B0D4659385BC4E3 /* SavedLocation.swift in Sources */,
				A879B9A46F0312B8E0B34EA7 /* SavedLocationStore.swift in Sources */,
				8D8F9EAEB746880711D79499 /* SimulationDiagnosticPipeline.swift in Sources */,
				40D5C447F105453FE0461F2C /* SimulationDiagnostics.swift in Sources */,
				52D77EDDFE862167FAF1923C /* SimulationDiagnosticsViewModel.swift in Sources */,
				282844D692846F68C7F783DA /* TLSControllerServer.swift in Sources */,
				A4512847991B108F60767123 /* TrustedControllerLink.swift in Sources */,
			);
			runOnlyForDeploymentPostprocessing = 0;
		};
		DFD9CB8A1BA328CED570AA08 /* Sources */ = {
			isa = PBXSourcesBuildPhase;
			buildActionMask = 2147483647;
			files = (
				1F3E8B8ABE484A3CC9FB4CC9 /* PinshiftControllerLinkUITests.swift in Sources */,
				426A646BFAFDDC5E6E1F2D9B /* PinshiftUITests.swift in Sources */,
			);
			runOnlyForDeploymentPostprocessing = 0;
		};
/* End PBXSourcesBuildPhase section */

/* Begin PBXTargetDependency section */
		D56270EE942C96140A5B8E3D /* PBXTargetDependency */ = {
			isa = PBXTargetDependency;
			target = 95CBA304701F4478C159A087 /* Pinshift */;
			targetProxy = 0B0CF7C2D518289E92A06AEA /* PBXContainerItemProxy */;
		};
/* End PBXTargetDependency section */

/* Begin PBXVariantGroup section */
		8B7FDC8186DDB1CE4AD254C3 /* Localizable.strings */ = {
			isa = PBXVariantGroup;
			children = (
				ECC21F0D2D4600F40A328F3E /* en */,
				97E1639C289985F459B054A4 /* zh-Hans */,
			);
			name = Localizable.strings;
			sourceTree = "<group>";
		};
/* End PBXVariantGroup section */

/* Begin XCBuildConfiguration section */
		19FAF89582E0CEF7B4608B68 /* Debug */ = {
			isa = XCBuildConfiguration;
			buildSettings = {
				ALWAYS_SEARCH_USER_PATHS = NO;
				CLANG_ANALYZER_NONNULL = YES;
				CLANG_ANALYZER_NUMBER_OBJECT_CONVERSION = YES_AGGRESSIVE;
				CLANG_CXX_LANGUAGE_STANDARD = "gnu++14";
				CLANG_CXX_LIBRARY = "libc++";
				CLANG_ENABLE_MODULES = YES;
				CLANG_ENABLE_OBJC_ARC = YES;
				CLANG_ENABLE_OBJC_WEAK = YES;
				CLANG_WARN_BLOCK_CAPTURE_AUTORELEASING = YES;
				CLANG_WARN_BOOL_CONVERSION = YES;
				CLANG_WARN_COMMA = YES;
				CLANG_WARN_CONSTANT_CONVERSION = YES;
				CLANG_WARN_DEPRECATED_OBJC_IMPLEMENTATIONS = YES;
				CLANG_WARN_DIRECT_OBJC_ISA_USAGE = YES_ERROR;
				CLANG_WARN_DOCUMENTATION_COMMENTS = YES;
				CLANG_WARN_EMPTY_BODY = YES;
				CLANG_WARN_ENUM_CONVERSION = YES;
				CLANG_WARN_INFINITE_RECURSION = YES;
				CLANG_WARN_INT_CONVERSION = YES;
				CLANG_WARN_NON_LITERAL_NULL_CONVERSION = YES;
				CLANG_WARN_OBJC_IMPLICIT_RETAIN_SELF = YES;
				CLANG_WARN_OBJC_LITERAL_CONVERSION = YES;
				CLANG_WARN_OBJC_ROOT_CLASS = YES_ERROR;
				CLANG_WARN_QUOTED_INCLUDE_IN_FRAMEWORK_HEADER = YES;
				CLANG_WARN_RANGE_LOOP_ANALYSIS = YES;
				CLANG_WARN_STRICT_PROTOTYPES = YES;
				CLANG_WARN_SUSPICIOUS_MOVE = YES;
				CLANG_WARN_UNGUARDED_AVAILABILITY = YES_AGGRESSIVE;
				CLANG_WARN_UNREACHABLE_CODE = YES;
				CLANG_WARN__DUPLICATE_METHOD_MATCH = YES;
				COPY_PHASE_STRIP = NO;
				DEBUG_INFORMATION_FORMAT = dwarf;
				ENABLE_STRICT_OBJC_MSGSEND = YES;
				ENABLE_TESTABILITY = YES;
				GCC_C_LANGUAGE_STANDARD = gnu11;
				GCC_DYNAMIC_NO_PIC = NO;
				GCC_NO_COMMON_BLOCKS = YES;
				GCC_OPTIMIZATION_LEVEL = 0;
				GCC_PREPROCESSOR_DEFINITIONS = (
					"$(inherited)",
					"DEBUG=1",
				);
				GCC_WARN_64_TO_32_BIT_CONVERSION = YES;
				GCC_WARN_ABOUT_RETURN_TYPE = YES_ERROR;
				GCC_WARN_UNDECLARED_SELECTOR = YES;
				GCC_WARN_UNINITIALIZED_AUTOS = YES_AGGRESSIVE;
				GCC_WARN_UNUSED_FUNCTION = YES;
				GCC_WARN_UNUSED_VARIABLE = YES;
				IPHONEOS_DEPLOYMENT_TARGET = 18.0;
				MTL_ENABLE_DEBUG_INFO = INCLUDE_SOURCE;
				MTL_FAST_MATH = YES;
				ONLY_ACTIVE_ARCH = YES;
				PRODUCT_NAME = "$(TARGET_NAME)";
				SDKROOT = iphoneos;
				SWIFT_ACTIVE_COMPILATION_CONDITIONS = DEBUG;
				SWIFT_OPTIMIZATION_LEVEL = "-Onone";
				SWIFT_VERSION = 6.0;
			};
			name = Debug;
		};
		63FD6B5C53888276FF654A24 /* Release */ = {
			isa = XCBuildConfiguration;
			baseConfigurationReference = 492552E0E66D6D7BD046B2EF /* Signing.xcconfig */;
			buildSettings = {
				BUNDLE_LOADER = "$(TEST_HOST)";
				CODE_SIGN_STYLE = Automatic;
				GENERATE_INFOPLIST_FILE = YES;
				INFOPLIST_KEY_NSLocalNetworkUsageDescription = "UI tests use local-network access only when explicitly exercising Controller Link behavior.";
				LD_RUNPATH_SEARCH_PATHS = (
					"$(inherited)",
					"@executable_path/Frameworks",
					"@loader_path/Frameworks",
				);
				PRODUCT_BUNDLE_IDENTIFIER = dev.sayori.remotelocation.uitests;
				SDKROOT = iphoneos;
				SUPPORTS_MACCATALYST = NO;
				TARGETED_DEVICE_FAMILY = 1;
				TEST_TARGET_NAME = Pinshift;
			};
			name = Release;
		};
		BF46B2D0A5CDE3B092060C74 /* Release */ = {
			isa = XCBuildConfiguration;
			baseConfigurationReference = 492552E0E66D6D7BD046B2EF /* Signing.xcconfig */;
			buildSettings = {
				ASSETCATALOG_COMPILER_APPICON_NAME = AppIcon;
				CODE_SIGN_IDENTITY = "iPhone Developer";
				CODE_SIGN_STYLE = Automatic;
				CURRENT_PROJECT_VERSION = 1;
				GENERATE_INFOPLIST_FILE = NO;
				INFOPLIST_FILE = "Config/Pinshift-Info.plist";
				LD_RUNPATH_SEARCH_PATHS = (
					"$(inherited)",
					"@executable_path/Frameworks",
				);
				MARKETING_VERSION = 1.0;
				PRODUCT_BUNDLE_IDENTIFIER = dev.sayori.remotelocation.learning;
				SDKROOT = iphoneos;
				SUPPORTS_MACCATALYST = NO;
				TARGETED_DEVICE_FAMILY = 1;
			};
			name = Release;
		};
		D76F27C1980B4955CA957205 /* Release */ = {
			isa = XCBuildConfiguration;
			buildSettings = {
				ALWAYS_SEARCH_USER_PATHS = NO;
				CLANG_ANALYZER_NONNULL = YES;
				CLANG_ANALYZER_NUMBER_OBJECT_CONVERSION = YES_AGGRESSIVE;
				CLANG_CXX_LANGUAGE_STANDARD = "gnu++14";
				CLANG_CXX_LIBRARY = "libc++";
				CLANG_ENABLE_MODULES = YES;
				CLANG_ENABLE_OBJC_ARC = YES;
				CLANG_ENABLE_OBJC_WEAK = YES;
				CLANG_WARN_BLOCK_CAPTURE_AUTORELEASING = YES;
				CLANG_WARN_BOOL_CONVERSION = YES;
				CLANG_WARN_COMMA = YES;
				CLANG_WARN_CONSTANT_CONVERSION = YES;
				CLANG_WARN_DEPRECATED_OBJC_IMPLEMENTATIONS = YES;
				CLANG_WARN_DIRECT_OBJC_ISA_USAGE = YES_ERROR;
				CLANG_WARN_DOCUMENTATION_COMMENTS = YES;
				CLANG_WARN_EMPTY_BODY = YES;
				CLANG_WARN_ENUM_CONVERSION = YES;
				CLANG_WARN_INFINITE_RECURSION = YES;
				CLANG_WARN_INT_CONVERSION = YES;
				CLANG_WARN_NON_LITERAL_NULL_CONVERSION = YES;
				CLANG_WARN_OBJC_IMPLICIT_RETAIN_SELF = YES;
				CLANG_WARN_OBJC_LITERAL_CONVERSION = YES;
				CLANG_WARN_OBJC_ROOT_CLASS = YES_ERROR;
				CLANG_WARN_QUOTED_INCLUDE_IN_FRAMEWORK_HEADER = YES;
				CLANG_WARN_RANGE_LOOP_ANALYSIS = YES;
				CLANG_WARN_STRICT_PROTOTYPES = YES;
				CLANG_WARN_SUSPICIOUS_MOVE = YES;
				CLANG_WARN_UNGUARDED_AVAILABILITY = YES_AGGRESSIVE;
				CLANG_WARN_UNREACHABLE_CODE = YES;
				CLANG_WARN__DUPLICATE_METHOD_MATCH = YES;
				COPY_PHASE_STRIP = NO;
				DEBUG_INFORMATION_FORMAT = "dwarf-with-dsym";
				ENABLE_NS_ASSERTIONS = NO;
				ENABLE_STRICT_OBJC_MSGSEND = YES;
				GCC_C_LANGUAGE_STANDARD = gnu11;
				GCC_NO_COMMON_BLOCKS = YES;
				GCC_WARN_64_TO_32_BIT_CONVERSION = YES;
				GCC_WARN_ABOUT_RETURN_TYPE = YES_ERROR;
				GCC_WARN_UNDECLARED_SELECTOR = YES;
				GCC_WARN_UNINITIALIZED_AUTOS = YES_AGGRESSIVE;
				GCC_WARN_UNUSED_FUNCTION = YES;
				GCC_WARN_UNUSED_VARIABLE = YES;
				IPHONEOS_DEPLOYMENT_TARGET = 18.0;
				MTL_ENABLE_DEBUG_INFO = NO;
				MTL_FAST_MATH = YES;
				PRODUCT_NAME = "$(TARGET_NAME)";
				SDKROOT = iphoneos;
				SWIFT_COMPILATION_MODE = wholemodule;
				SWIFT_OPTIMIZATION_LEVEL = "-O";
				SWIFT_VERSION = 6.0;
			};
			name = Release;
		};
		E6A74493E67876F3896B67B5 /* Debug */ = {
			isa = XCBuildConfiguration;
			baseConfigurationReference = 492552E0E66D6D7BD046B2EF /* Signing.xcconfig */;
			buildSettings = {
				ASSETCATALOG_COMPILER_APPICON_NAME = AppIcon;
				CODE_SIGN_IDENTITY = "iPhone Developer";
				CODE_SIGN_STYLE = Automatic;
				CURRENT_PROJECT_VERSION = 1;
				GENERATE_INFOPLIST_FILE = NO;
				INFOPLIST_FILE = "Config/Pinshift-Info.plist";
				LD_RUNPATH_SEARCH_PATHS = (
					"$(inherited)",
					"@executable_path/Frameworks",
				);
				MARKETING_VERSION = 1.0;
				PRODUCT_BUNDLE_IDENTIFIER = dev.sayori.remotelocation.learning;
				SDKROOT = iphoneos;
				SUPPORTS_MACCATALYST = NO;
				TARGETED_DEVICE_FAMILY = 1;
			};
			name = Debug;
		};
		E6E5E5A1EA0A30822A3D5F63 /* Debug */ = {
			isa = XCBuildConfiguration;
			baseConfigurationReference = 492552E0E66D6D7BD046B2EF /* Signing.xcconfig */;
			buildSettings = {
				BUNDLE_LOADER = "$(TEST_HOST)";
				CODE_SIGN_STYLE = Automatic;
				GENERATE_INFOPLIST_FILE = YES;
				INFOPLIST_KEY_NSLocalNetworkUsageDescription = "UI tests use local-network access only when explicitly exercising Controller Link behavior.";
				LD_RUNPATH_SEARCH_PATHS = (
					"$(inherited)",
					"@executable_path/Frameworks",
					"@loader_path/Frameworks",
				);
				PRODUCT_BUNDLE_IDENTIFIER = dev.sayori.remotelocation.uitests;
				SDKROOT = iphoneos;
				SUPPORTS_MACCATALYST = NO;
				TARGETED_DEVICE_FAMILY = 1;
				TEST_TARGET_NAME = Pinshift;
			};
			name = Debug;
		};
/* End XCBuildConfiguration section */

/* Begin XCConfigurationList section */
		2F427840287D89CA6A269C41 /* Build configuration list for PBXProject "RemoteLocation" */ = {
			isa = XCConfigurationList;
			buildConfigurations = (
				19FAF89582E0CEF7B4608B68 /* Debug */,
				D76F27C1980B4955CA957205 /* Release */,
			);
			defaultConfigurationIsVisible = 0;
			defaultConfigurationName = Debug;
		};
		CBDA77AF740DD8E1576CA9EE /* Build configuration list for PBXNativeTarget "Pinshift" */ = {
			isa = XCConfigurationList;
			buildConfigurations = (
				E6A74493E67876F3896B67B5 /* Debug */,
				BF46B2D0A5CDE3B092060C74 /* Release */,
			);
			defaultConfigurationIsVisible = 0;
			defaultConfigurationName = Debug;
		};
		F4CAAF8E9FB872D5F0BD4B18 /* Build configuration list for PBXNativeTarget "PinshiftUITests" */ = {
			isa = XCConfigurationList;
			buildConfigurations = (
				E6E5E5A1EA0A30822A3D5F63 /* Debug */,
				63FD6B5C53888276FF654A24 /* Release */,
			);
			defaultConfigurationIsVisible = 0;
			defaultConfigurationName = Debug;
		};
/* End XCConfigurationList section */
	};
	rootObject = 7C484CABA92041C9C4428A43 /* Project object */;
}
